
Microsoft Visual Studio Solution File, Format Version 12.00
# Visual Studio Version 16
VisualStudioVersion = 16.0.29905.134
MinimumVisualStudioVersion = 10.0.40219.1
Project("{FAE04EC0-301F-11D3-BF4B-00C04F79EFBC}") = "Proyecto Compiladores 2020", "Proyecto Compiladores 2020\Proyecto Compiladores 2020.csproj", "{8D6972D8-D6E2-4F37-BEC6-A975470388B1}"
EndProject
Project("{FAE04EC0-301F-11D3-BF4B-00C04F79EFBC}") = "ConsolaDeAutogeneracion", "ConsolaDeAutogeneracion\ConsolaDeAutogeneracion.csproj", "{E6BBC47E-0764-4783-8D7C-9595F4B44CE8}"
EndProject
Global
	GlobalSection(SolutionConfigurationPlatforms) = preSolution
		Debug|Any CPU = Debug|Any CPU
		Release|Any CPU = Release|Any CPU
	EndGlobalSection
	GlobalSection(ProjectConfigurationPlatforms) = postSolution
		{8D6972D8-D6E2-4F37-BEC6-A975470388B1}.Debug|Any CPU.ActiveCfg = Debug|Any CPU
		{8D6972D8-D6E2-4F37-BEC6-A975470388B1}.Debug|Any CPU.Build.0 = Debug|Any CPU
		{8D6972D8-D6E2-4F37-BEC6-A975470388B1}.Release|Any CPU.ActiveCfg = Release|Any CPU
		{8D6972D8-D6E2-4F37-BEC6-A975470388B1}.Release|Any CPU.Build.0 = Release|Any CPU
		{E6BBC47E-0764-4783-8D7C-9595F4B44CE8}.Debug|Any CPU.ActiveCfg = Debug|Any CPU
		{E6BBC47E-0764-4783-8D7C-9595F4B44CE8}.Debug|Any CPU.Build.0 = Debug|Any CPU
		{E6BBC47E-0764-4783-8D7C-9595F4B44CE8}.Release|Any CPU.ActiveCfg = Release|Any CPU
		{E6BBC47E-0764-4783-8D7C-9595F4B44CE8}.Release|Any CPU.Build.0 = Release|Any CPU
	EndGlobalSection
	GlobalSection(SolutionProperties) = preSolution
		HideSolutionNode = FALSE
	EndGlobalSection
	GlobalSection(ExtensibilityGlobals) = postSolution
		SolutionGuid = {5EC8E615-A184-4E50-96AF-A76248F18FF1}
	EndGlobalSection
EndGlobal
